// !$*UTF8*$!
{
	archiveVersion = 1;
	classes = {
	};
	objectVersion = 46;
	objects = {

/* Begin PBXBuildFile section */
		772D29FC1CE77E4500D9165B /* Assets.xcassets in Resources */ = {isa = PBXBuildFile; fileRef = 772D29FB1CE77E4500D9165B /* Assets.xcassets */; };
		772D29FF1CE77E4500D9165B /* LaunchScreen.storyboard in Resources */ = {isa = PBXBuildFile; fileRef = 772D29FD1CE77E4500D9165B /* LaunchScreen.storyboard */; };
		772D2A081CE7800500D9165B /* QuartzCore.framework in Frameworks */ = {isa = PBXBuildFile; fileRef = 772D2A071CE7800500D9165B /* QuartzCore.framework */; };
		772D2A0A1CE7800E00D9165B /* CoreImage.framework in Frameworks */ = {isa = PBXBuildFile; fileRef = 772D2A091CE7800E00D9165B /* CoreImage.framework */; };
		772D2A0C1CE7801500D9165B /* CoreGraphics.framework in Frameworks */ = {isa = PBXBuildFile; fileRef = 772D2A0B1CE7801500D9165B /* CoreGraphics.framework */; };
		772D2A0E1CE7801C00D9165B /* UIKit.framework in Frameworks */ = {isa = PBXBuildFile; fileRef = 772D2A0D1CE7801C00D9165B /* UIKit.framework */; };
		772D2A101CE7802600D9165B /* Foundation.framework in Frameworks */ = {isa = PBXBuildFile; fileRef = 772D2A0F1CE7802600D9165B /* Foundation.framework */; };
		772D2A2C1CE784DC00D9165B /* MainStoryboard_iPhone.storyboard in Resources */ = {isa = PBXBuildFile; fileRef = 772D2A2B1CE784DC00D9165B /* MainStoryboard_iPhone.storyboard */; };
		772D2A3A1CE7852700D9165B /* AddNoteViewController.swift in Sources */ = {isa = PBXBuildFile; fileRef = 772D2A2E1CE7852700D9165B /* AddNoteViewController.swift */; };
		772D2A3B1CE7852700D9165B /* AppDelegate.swift in Sources */ = {isa = PBXBuildFile; fileRef = 772D2A2F1CE7852700D9165B /* AppDelegate.swift */; };
		772D2A3C1CE7852700D9165B /* ChecklistItem.swift in Sources */ = {isa = PBXBuildFile; fileRef = 772D2A311CE7852700D9165B /* ChecklistItem.swift */; };
		772D2A3D1CE7852700D9165B /* DataModel.swift in Sources */ = {isa = PBXBuildFile; fileRef = 772D2A321CE7852700D9165B /* DataModel.swift */; };
		772D2A3E1CE7852700D9165B /* iOS_Constants.swift in Sources */ = {isa = PBXBuildFile; fileRef = 772D2A331CE7852700D9165B /* iOS_Constants.swift */; };
		772D2A3F1CE7852700D9165B /* NotesViewController.swift in Sources */ = {isa = PBXBuildFile; fileRef = 772D2A341CE7852700D9165B /* NotesViewController.swift */; };
		772D2A401CE7852700D9165B /* DALinedTextView.m in Sources */ = {isa = PBXBuildFile; fileRef = 772D2A381CE7852700D9165B /* DALinedTextView.m */; };
		772D2A411CE7852700D9165B /* OrderedDictionary.swift in Sources */ = {isa = PBXBuildFile; fileRef = 772D2A391CE7852700D9165B /* OrderedDictionary.swift */; };
/* End PBXBuildFile section */

/* Begin PBXFileReference section */
		772D29F11CE77E4500D9165B /* Backlog Notes.app */ = {isa = PBXFileReference; explicitFileType = wrapper.application; includeInIndex = 0; path = "Backlog Notes.app"; sourceTree = BUILT_PRODUCTS_DIR; };
		772D29FB1CE77E4500D9165B /* Assets.xcassets */ = {isa = PBXFileReference; lastKnownFileType = folder.assetcatalog; path = Assets.xcassets; sourceTree = "<group>"; };
		772D29FE1CE77E4500D9165B /* Base */ = {isa = PBXFileReference; lastKnownFileType = file.storyboard; name = Base; path = Base.lproj/LaunchScreen.storyboard; sourceTree = "<group>"; };
		772D2A001CE77E4500D9165B /* Info.plist */ = {isa = PBXFileReference; lastKnownFileType = text.plist.xml; path = Info.plist; sourceTree = "<group>"; };
		772D2A071CE7800500D9165B /* QuartzCore.framework */ = {isa = PBXFileReference; lastKnownFileType = wrapper.framework; name = QuartzCore.framework; path = System/Library/Frameworks/QuartzCore.framework; sourceTree = SDKROOT; };
		772D2A091CE7800E00D9165B /* CoreImage.framework */ = {isa = PBXFileReference; lastKnownFileType = wrapper.framework; name = CoreImage.framework; path = System/Library/Frameworks/CoreImage.framework; sourceTree = SDKROOT; };
		772D2A0B1CE7801500D9165B /* CoreGraphics.framework */ = {isa = PBXFileReference; lastKnownFileType = wrapper.framework; name = CoreGraphics.framework; path = System/Library/Frameworks/CoreGraphics.framework; sourceTree = SDKROOT; };
		772D2A0D1CE7801C00D9165B /* UIKit.framework */ = {isa = PBXFileReference; lastKnownFileType = wrapper.framework; name = UIKit.framework; path = System/Library/Frameworks/UIKit.framework; sourceTree = SDKROOT; };
		772D2A0F1CE7802600D9165B /* Foundation.framework */ = {isa = PBXFileReference; lastKnownFileType = wrapper.framework; name = Foundation.framework; path = System/Library/Frameworks/Foundation.framework; sourceTree = SDKROOT; };
		772D2A2B1CE784DC00D9165B /* MainStoryboard_iPhone.storyboard */ = {isa = PBXFileReference; fileEncoding = 4; lastKnownFileType = file.storyboard; path = MainStoryboard_iPhone.storyboard; sourceTree = "<group>"; };
		772D2A2E1CE7852700D9165B /* AddNoteViewController.swift */ = {isa = PBXFileReference; fileEncoding = 4; lastKnownFileType = sourcecode.swift; path = AddNoteViewController.swift; sourceTree = "<group>"; };
		772D2A2F1CE7852700D9165B /* AppDelegate.swift */ = {isa = PBXFileReference; fileEncoding = 4; lastKnownFileType = sourcecode.swift; path = AppDelegate.swift; sourceTree = "<group>"; };
		772D2A301CE7852700D9165B /* BacklogNotes_BridgingHeader.h */ = {isa = PBXFileReference; fileEncoding = 4; lastKnownFileType = sourcecode.c.h; path = BacklogNotes_BridgingHeader.h; sourceTree = "<group>"; };
		772D2A311CE7852700D9165B /* ChecklistItem.swift */ = {isa = PBXFileReference; fileEncoding = 4; lastKnownFileType = sourcecode.swift; path = ChecklistItem.swift; sourceTree = "<group>"; };
		772D2A321CE7852700D9165B /* DataModel.swift */ = {isa = PBXFileReference; fileEncoding = 4; lastKnownFileType = sourcecode.swift; path = DataModel.swift; sourceTree = "<group>"; };
		772D2A331CE7852700D9165B /* iOS_Constants.swift */ = {isa = PBXFileReference; fileEncoding = 4; lastKnownFileType = sourcecode.swift; path = iOS_Constants.swift; sourceTree = "<group>"; };
		772D2A341CE7852700D9165B /* NotesViewController.swift */ = {isa = PBXFileReference; fileEncoding = 4; lastKnownFileType = sourcecode.swift; path = NotesViewController.swift; sourceTree = "<group>"; };
		772D2A371CE7852700D9165B /* DALinedTextView.h */ = {isa = PBXFileReference; fileEncoding = 4; lastKnownFileType = sourcecode.c.h; path = DALinedTextView.h; sourceTree = "<group>"; };
		772D2A381CE7852700D9165B /* DALinedTextView.m */ = {isa = PBXFileReference; fileEncoding = 4; lastKnownFileType = sourcecode.c.objc; path = DALinedTextView.m; sourceTree = "<group>"; };
		772D2A391CE7852700D9165B /* OrderedDictionary.swift */ = {isa = PBXFileReference; fileEncoding = 4; lastKnownFileType = sourcecode.swift; path = OrderedDictionary.swift; sourceTree = "<group>"; };
/* End PBXFileReference section */

/* Begin PBXFrameworksBuildPhase section */
		772D29EE1CE77E4500D9165B /* Frameworks */ = {
			isa = PBXFrameworksBuildPhase;
			buildActionMask = 2147483647;
			files = (
				772D2A101CE7802600D9165B /* Foundation.framework in Frameworks */,
				772D2A0E1CE7801C00D9165B /* UIKit.framework in Frameworks */,
				772D2A0C1CE7801500D9165B /* CoreGraphics.framework in Frameworks */,
				772D2A0A1CE7800E00D9165B /* CoreImage.framework in Frameworks */,
				772D2A081CE7800500D9165B /* QuartzCore.framework in Frameworks */,
			);
			runOnlyForDeploymentPostprocessing = 0;
		};
/* End PBXFrameworksBuildPhase section */

/* Begin PBXGroup section */
		772D29E81CE77E4500D9165B = {
			isa = PBXGroup;
			children = (
				772D2A061CE77FF800D9165B /* Frameworks */,
				772D29F31CE77E4500D9165B /* Backlog Notes */,
				772D29F21CE77E4500D9165B /* Products */,
			);
			sourceTree = "<group>";
		};
		772D29F21CE77E4500D9165B /* Products */ = {
			isa = PBXGroup;
			children = (
				772D29F11CE77E4500D9165B /* Backlog Notes.app */,
			);
			name = Products;
			sourceTree = "<group>";
		};
		772D29F31CE77E4500D9165B /* Backlog Notes */ = {
			isa = PBXGroup;
			children = (
				772D2A2D1CE7852700D9165B /* Classes */,
				772D2A2B1CE784DC00D9165B /* MainStoryboard_iPhone.storyboard */,
				772D29FB1CE77E4500D9165B /* Assets.xcassets */,
				772D29FD1CE77E4500D9165B /* LaunchScreen.storyboard */,
				772D2A001CE77E4500D9165B /* Info.plist */,
			);
			path = "Backlog Notes";
			sourceTree = "<group>";
		};
		772D2A061CE77FF800D9165B /* Frameworks */ = {
			isa = PBXGroup;
			children = (
				772D2A0F1CE7802600D9165B /* Foundation.framework */,
				772D2A0D1CE7801C00D9165B /* UIKit.framework */,
				772D2A0B1CE7801500D9165B /* CoreGraphics.framework */,
				772D2A091CE7800E00D9165B /* CoreImage.framework */,
				772D2A071CE7800500D9165B /* QuartzCore.framework */,
			);
			name = Frameworks;
			sourceTree = "<group>";
		};
		772D2A2D1CE7852700D9165B /* Classes */ = {
			isa = PBXGroup;
			children = (
				772D2A2E1CE7852700D9165B /* AddNoteViewController.swift */,
				772D2A2F1CE7852700D9165B /* AppDelegate.swift */,
				772D2A301CE7852700D9165B /* BacklogNotes_BridgingHeader.h */,
				772D2A311CE7852700D9165B /* ChecklistItem.swift */,
				772D2A321CE7852700D9165B /* DataModel.swift */,
				772D2A331CE7852700D9165B /* iOS_Constants.swift */,
				772D2A341CE7852700D9165B /* NotesViewController.swift */,
				772D2A351CE7852700D9165B /* thirdparty */,
			);
			path = Classes;
			sourceTree = "<group>";
		};
		772D2A351CE7852700D9165B /* thirdparty */ = {
			isa = PBXGroup;
			children = (
				772D2A361CE7852700D9165B /* DALinedTextView */,
				772D2A391CE7852700D9165B /* OrderedDictionary.swift */,
			);
			path = thirdparty;
			sourceTree = "<group>";
		};
		772D2A361CE7852700D9165B /* DALinedTextView */ = {
			isa = PBXGroup;
			children = (
				772D2A371CE7852700D9165B /* DALinedTextView.h */,
				772D2A381CE7852700D9165B /* DALinedTextView.m */,
			);
			path = DALinedTextView;
			sourceTree = "<group>";
		};
/* End PBXGroup section */

/* Begin PBXNativeTarget section */
		772D29F01CE77E4500D9165B /* Backlog Notes */ = {
			isa = PBXNativeTarget;
			buildConfigurationList = 772D2A031CE77E4500D9165B /* Build configuration list for PBXNativeTarget "Backlog Notes" */;
			buildPhases = (
				772D29ED1CE77E4500D9165B /* Sources */,
				772D29EE1CE77E4500D9165B /* Frameworks */,
				772D29EF1CE77E4500D9165B /* Resources */,
			);
			buildRules = (
			);
			dependencies = (
			);
			name = "Backlog Notes";
			productName = "Backlog Notes";
			productReference = 772D29F11CE77E4500D9165B /* Backlog Notes.app */;
			productType = "com.apple.product-type.application";
		};
/* End PBXNativeTarget section */

/* Begin PBXProject section */
		772D29E91CE77E4500D9165B /* Project object */ = {
			isa = PBXProject;
			attributes = {
				LastSwiftUpdateCheck = 0730;
				LastUpgradeCheck = 0730;
				ORGANIZATIONNAME = "Partho Biswas";
				TargetAttributes = {
					772D29F01CE77E4500D9165B = {
						CreatedOnToolsVersion = 7.3;
					};
				};
			};
			buildConfigurationList = 772D29EC1CE77E4500D9165B /* Build configuration list for PBXProject "Backlog Notes" */;
			compatibilityVersion = "Xcode 3.2";
			developmentRegion = English;
			hasScannedForEncodings = 0;
			knownRegions = (
				en,
				Base,
			);
			mainGroup = 772D29E81CE77E4500D9165B;
			productRefGroup = 772D29F21CE77E4500D9165B /* Products */;
			projectDirPath = "";
			projectRoot = "";
			targets = (
				772D29F01CE77E4500D9165B /* Backlog Notes */,
			);
		};
/* End PBXProject section */

/* Begin PBXResourcesBuildPhase section */
		772D29EF1CE77E4500D9165B /* Resources */ = {
			isa = PBXResourcesBuildPhase;
			buildActionMask = 2147483647;
			files = (
				772D29FF1CE77E4500D9165B /* LaunchScreen.storyboard in Resources */,
				772D29FC1CE77E4500D9165B /* Assets.xcassets in Resources */,
				772D2A2C1CE784DC00D9165B /* MainStoryboard_iPhone.storyboard in Resources */,
			);
			runOnlyForDeploymentPostprocessing = 0;
		};
/* End PBXResourcesBuildPhase section */

/* Begin PBXSourcesBuildPhase section */
		772D29ED1CE77E4500D9165B /* Sources */ = {
			isa = PBXSourcesBuildPhase;
			buildActionMask = 2147483647;
			files = (
				772D2A3B1CE7852700D9165B /* AppDelegate.swift in Sources */,
				772D2A3D1CE7852700D9165B /* DataModel.swift in Sources */,
				772D2A401CE7852700D9165B /* DALinedTextView.m in Sources */,
				772D2A3F1CE7852700D9165B /* NotesViewController.swift in Sources */,
				772D2A3C1CE7852700D9165B /* ChecklistItem.swift in Sources */,
				772D2A411CE7852700D9165B /* OrderedDictionary.swift in Sources */,
				772D2A3E1CE7852700D9165B /* iOS_Constants.swift in Sources */,
				772D2A3A1CE7852700D9165B /* AddNoteViewController.swift in Sources */,
			);
			runOnlyForDeploymentPostprocessing = 0;
		};
/* End PBXSourcesBuildPhase section */

/* Begin PBXVariantGroup section */
		772D29FD1CE77E4500D9165B /* LaunchScreen.storyboard */ = {
			isa = PBXVariantGroup;
			children = (
				772D29FE1CE77E4500D9165B /* Base */,
			);
			name = LaunchScreen.storyboard;
			sourceTree = "<group>";
		};
/* End PBXVariantGroup section */

/* Begin XCBuildConfiguration section */
		772D2A011CE77E4500D9165B /* Debug */ = {
			isa = XCBuildConfiguration;
			buildSettings = {
				ALWAYS_SEARCH_USER_PATHS = NO;
				CLANG_ANALYZER_NONNULL = YES;
				CLANG_CXX_LANGUAGE_STANDARD = "gnu++0x";
				CLANG_CXX_LIBRARY = "libc++";
				CLANG_ENABLE_MODULES = YES;
				CLANG_ENABLE_OBJC_ARC = YES;
				CLANG_WARN_BOOL_CONVERSION = YES;
				CLANG_WARN_CONSTANT_CONVERSION = YES;
				CLANG_WARN_DIRECT_OBJC_ISA_USAGE = YES_ERROR;
				CLANG_WARN_EMPTY_BODY = YES;
				CLANG_WARN_ENUM_CONVERSION = YES;
				CLANG_WARN_INT_CONVERSION = YES;
				CLANG_WARN_OBJC_ROOT_CLASS = YES_ERROR;
				CLANG_WARN_UNREACHABLE_CODE = YES;
				CLANG_WARN__DUPLICATE_METHOD_MATCH = YES;
				"CODE_SIGN_IDENTITY[sdk=iphoneos*]" = "iPhone Developer";
				COPY_PHASE_STRIP = NO;
				DEBUG_INFORMATION_FORMAT = dwarf;
				ENABLE_STRICT_OBJC_MSGSEND = YES;
				ENABLE_TESTABILITY = YES;
				GCC_C_LANGUAGE_STANDARD = gnu99;
				GCC_DYNAMIC_NO_PIC = NO;
				GCC_NO_COMMON_BLOCKS = YES;
				GCC_OPTIMIZATION_LEVEL = 0;
				GCC_PREPROCESSOR_DEFINITIONS = (
					"DEBUG=1",
					"$(inherited)",
				);
				GCC_WARN_64_TO_32_BIT_CONVERSION = YES;
				GCC_WARN_ABOUT_RETURN_TYPE = YES_ERROR;
				GCC_WARN_UNDECLARED_SELECTOR = YES;
				GCC_WARN_UNINITIALIZED_AUTOS = YES_AGGRESSIVE;
				GCC_WARN_UNUSED_FUNCTION = YES;
				GCC_WARN_UNUSED_VARIABLE = YES;
				IPHONEOS_DEPLOYMENT_TARGET = 9.3;
				MTL_ENABLE_DEBUG_INFO = YES;
				ONLY_ACTIVE_ARCH = YES;
				SDKROOT = iphoneos;
				SWIFT_OPTIMIZATION_LEVEL = "-Onone";
				TARGETED_DEVICE_FAMILY = "1,2";
			};
			name = Debug;
		};
		772D2A021CE77E4500D9165B /* Release */ = {
			isa = XCBuildConfiguration;
			buildSettings = {
				ALWAYS_SEARCH_USER_PATHS = NO;
				CLANG_ANALYZER_NONNULL = YES;
				CLANG_CXX_LANGUAGE_STANDARD = "gnu++0x";
				CLANG_CXX_LIBRARY = "libc++";
				CLANG_ENABLE_MODULES = YES;
				CLANG_ENABLE_OBJC_ARC = YES;
				CLANG_WARN_BOOL_CONVERSION = YES;
				CLANG_WARN_CONSTANT_CONVERSION = YES;
				CLANG_WARN_DIRECT_OBJC_ISA_USAGE = YES_ERROR;
				CLANG_WARN_EMPTY_BODY = YES;
				CLANG_WARN_ENUM_CONVERSION = YES;
				CLANG_WARN_INT_CONVERSION = YES;
				CLANG_WARN_OBJC_ROOT_CLASS = YES_ERROR;
				CLANG_WARN_UNREACHABLE_CODE = YES;
				CLANG_WARN__DUPLICATE_METHOD_MATCH = YES;
				"CODE_SIGN_IDENTITY[sdk=iphoneos*]" = "iPhone Developer";
				COPY_PHASE_STRIP = NO;
				DEBUG_INFORMATION_FORMAT = "dwarf-with-dsym";
				ENABLE_NS_ASSERTIONS = NO;
				ENABLE_STRICT_OBJC_MSGSEND = YES;
				GCC_C_LANGUAGE_STANDARD = gnu99;
				GCC_NO_COMMON_BLOCKS = YES;
				GCC_WARN_64_TO_32_BIT_CONVERSION = YES;
				GCC_WARN_ABOUT_RETURN_TYPE = YES_ERROR;
				GCC_WARN_UNDECLARED_SELECTOR = YES;
				GCC_WARN_UNINITIALIZED_AUTOS = YES_AGGRESSIVE;
				GCC_WARN_UNUSED_FUNCTION = YES;
				GCC_WARN_UNUSED_VARIABLE = YES;
				IPHONEOS_DEPLOYMENT_TARGET = 9.3;
				MTL_ENABLE_DEBUG_INFO = NO;
				SDKROOT = iphoneos;
				TARGETED_DEVICE_FAMILY = "1,2";
				VALIDATE_PRODUCT = YES;
			};
			name = Release;
		};
		772D2A041CE77E4500D9165B /* Debug */ = {
			isa = XCBuildConfiguration;
			buildSettings = {
				ASSETCATALOG_COMPILER_APPICON_NAME = AppIcon;
				EMBEDDED_CONTENT_CONTAINS_SWIFT = YES;
				ENABLE_BITCODE = NO;
				INFOPLIST_FILE = "Backlog Notes/Info.plist";
				LD_RUNPATH_SEARCH_PATHS = "$(inherited) @executable_path/Frameworks";
				PRODUCT_BUNDLE_IDENTIFIER = "com.partho.Backlog-Notes";
				PRODUCT_NAME = "$(TARGET_NAME)";
				SWIFT_OBJC_BRIDGING_HEADER = "Backlog Notes/Classes/BacklogNotes_BridgingHeader.h";
			};
			name = Debug;
		};
		772D2A051CE77E4500D9165B /* Release */ = {
			isa = XCBuildConfiguration;
			buildSettings = {
				ASSETCATALOG_COMPILER_APPICON_NAME = AppIcon;
				EMBEDDED_CONTENT_CONTAINS_SWIFT = YES;
				ENABLE_BITCODE = NO;
				INFOPLIST_FILE = "Backlog Notes/Info.plist";
				LD_RUNPATH_SEARCH_PATHS = "$(inherited) @executable_path/Frameworks";
				PRODUCT_BUNDLE_IDENTIFIER = "com.partho.Backlog-Notes";
				PRODUCT_NAME = "$(TARGET_NAME)";
				SWIFT_OBJC_BRIDGING_HEADER = "Backlog Notes/Classes/BacklogNotes_BridgingHeader.h";
			};
			name = Release;
		};
/* End XCBuildConfiguration section */

/* Begin XCConfigurationList section */
		772D29EC1CE77E4500D9165B /* Build configuration list for PBXProject "Backlog Notes" */ = {
			isa = XCConfigurationList;
			buildConfigurations = (
				772D2A011CE77E4500D9165B /* Debug */,
				772D2A021CE77E4500D9165B /* Release */,
			);
			defaultConfigurationIsVisible = 0;
			defaultConfigurationName = Release;
		};
		772D2A031CE77E4500D9165B /* Build configuration list for PBXNativeTarget "Backlog Notes" */ = {
			isa = XCConfigurationList;
			buildConfigurations = (
				772D2A041CE77E4500D9165B /* Debug */,
				772D2A051CE77E4500D9165B /* Release */,
			);
			defaultConfigurationIsVisible = 0;
			defaultConfigurationName = Release;
		};
/* End XCConfigurationList section */
	};
	rootObject = 772D29E91CE77E4500D9165B /* Project object */;
}
